
Microsoft Visual Studio Solution File, Format Version 12.00
# Visual Studio 15
VisualStudioVersion = 15.0.27428.2011
MinimumVisualStudioVersion = 10.0.40219.1
Project("{FAE04EC0-301F-11D3-BF4B-00C04F79EFBC}") = "PictureAcc", "PictureAcc\PictureAcc.csproj", "{6FAE0DF9-69E3-4D2A-9529-9A6EF22EC4B3}"
EndProject
Global
	GlobalSection(SolutionConfigurationPlatforms) = preSolution
		Debug|Any CPU = Debug|Any CPU
		Release|Any CPU = Release|Any CPU
	EndGlobalSection
	GlobalSection(ProjectConfigurationPlatforms) = postSolution
		{6FAE0DF9-69E3-4D2A-9529-9A6EF22EC4B3}.Debug|Any CPU.ActiveCfg = Debug|Any CPU
		{6FAE0DF9-69E3-4D2A-9529-9A6EF22EC4B3}.Debug|Any CPU.Build.0 = Debug|Any CPU
		{6FAE0DF9-69E3-4D2A-9529-9A6EF22EC4B3}.Release|Any CPU.ActiveCfg = Release|Any CPU
		{6FAE0DF9-69E3-4D2A-9529-9A6EF22EC4B3}.Release|Any CPU.Build.0 = Release|Any CPU
	EndGlobalSection
	GlobalSection(SolutionProperties) = preSolution
		HideSolutionNode = FALSE
	EndGlobalSection
	GlobalSection(ExtensibilityGlobals) = postSolution
		SolutionGuid = {98FA0089-6565-4039-8D70-505ED0B36299}
	EndGlobalSection
EndGlobal
